
Microsoft Visual Studio Solution File, Format Version 12.00
# Visual Studio Version 16
VisualStudioVersion = 16.0.30503.244
MinimumVisualStudioVersion = 10.0.40219.1
Project("{2150E333-8FDC-42A3-9474-1A3956D46DE8}") = "Solution Items", "Solution Items", "{EF1DF981-2235-455C-BD5E-FFCFD466916A}"
	ProjectSection(SolutionItems) = preProject
		Readme.md = Readme.md
	EndProjectSection
EndProject
Project("{9A19103F-16F7-4668-BE54-9A1E7A4F7556}") = "ConferenceDude.Server", "ConferenceDude.Server\ConferenceDude.Server.csproj", "{76C8D0DA-47A3-4B9B-A5AA-9371ABFF3A28}"
EndProject
Project("{9A19103F-16F7-4668-BE54-9A1E7A4F7556}") = "ConferenceDude.Client", "ConferenceDude.Client\ConferenceDude.Client.csproj", "{E0C6B3AF-8BBC-4786-A868-0F190212212F}"
EndProject
Project("{9A19103F-16F7-4668-BE54-9A1E7A4F7556}") = "ConferenceDude.Domain", "ConferenceDude.Domain\ConferenceDude.Domain.csproj", "{DADDA64C-CE20-4DE5-B728-938F669FDA89}"
EndProject
Project("{9A19103F-16F7-4668-BE54-9A1E7A4F7556}") = "ConferenceDude.Domain.Tests", "ConferenceDude.Domain.Tests\ConferenceDude.Domain.Tests.csproj", "{8BD76B1A-D4FA-4FD8-9DCB-666D7A85CA69}"
EndProject
Project("{9A19103F-16F7-4668-BE54-9A1E7A4F7556}") = "ConferenceDude.Client.Tests", "ConferenceDude.Client.Tests\ConferenceDude.Client.Tests.csproj", "{41929ADA-E3B3-4DA4-AA37-E7AEB8629ADB}"
EndProject
Project("{FAE04EC0-301F-11D3-BF4B-00C04F79EFBC}") = "ConferenceDude.Server.Tests", "ConferenceDude.Server.Tests\ConferenceDude.Server.Tests.csproj", "{58C8273E-6EE2-4282-BA64-7E99AD4A9D78}"
EndProject
Global
	GlobalSection(SolutionConfigurationPlatforms) = preSolution
		Debug|Any CPU = Debug|Any CPU
		Release|Any CPU = Release|Any CPU
	EndGlobalSection
	GlobalSection(ProjectConfigurationPlatforms) = postSolution
		{76C8D0DA-47A3-4B9B-A5AA-9371ABFF3A28}.Debug|Any CPU.ActiveCfg = Debug|Any CPU
		{76C8D0DA-47A3-4B9B-A5AA-9371ABFF3A28}.Debug|Any CPU.Build.0 = Debug|Any CPU
		{76C8D0DA-47A3-4B9B-A5AA-9371ABFF3A28}.Release|Any CPU.ActiveCfg = Release|Any CPU
		{76C8D0DA-47A3-4B9B-A5AA-9371ABFF3A28}.Release|Any CPU.Build.0 = Release|Any CPU
		{E0C6B3AF-8BBC-4786-A868-0F190212212F}.Debug|Any CPU.ActiveCfg = Debug|Any CPU
		{E0C6B3AF-8BBC-4786-A868-0F190212212F}.Debug|Any CPU.Build.0 = Debug|Any CPU
		{E0C6B3AF-8BBC-4786-A868-0F190212212F}.Release|Any CPU.ActiveCfg = Release|Any CPU
		{E0C6B3AF-8BBC-4786-A868-0F190212212F}.Release|Any CPU.Build.0 = Release|Any CPU
		{DADDA64C-CE20-4DE5-B728-938F669FDA89}.Debug|Any CPU.ActiveCfg = Debug|Any CPU
		{DADDA64C-CE20-4DE5-B728-938F669FDA89}.Debug|Any CPU.Build.0 = Debug|Any CPU
		{DADDA64C-CE20-4DE5-B728-938F669FDA89}.Release|Any CPU.ActiveCfg = Release|Any CPU
		{DADDA64C-CE20-4DE5-B728-938F669FDA89}.Release|Any CPU.Build.0 = Release|Any CPU
		{8BD76B1A-D4FA-4FD8-9DCB-666D7A85CA69}.Debug|Any CPU.ActiveCfg = Debug|Any CPU
		{8BD76B1A-D4FA-4FD8-9DCB-666D7A85CA69}.Debug|Any CPU.Build.0 = Debug|Any CPU
		{8BD76B1A-D4FA-4FD8-9DCB-666D7A85CA69}.Release|Any CPU.ActiveCfg = Release|Any CPU
		{8BD76B1A-D4FA-4FD8-9DCB-666D7A85CA69}.Release|Any CPU.Build.0 = Release|Any CPU
		{41929ADA-E3B3-4DA4-AA37-E7AEB8629ADB}.Debug|Any CPU.ActiveCfg = Debug|Any CPU
		{41929ADA-E3B3-4DA4-AA37-E7AEB8629ADB}.Debug|Any CPU.Build.0 = Debug|Any CPU
		{41929ADA-E3B3-4DA4-AA37-E7AEB8629ADB}.Release|Any CPU.ActiveCfg = Release|Any CPU
		{41929ADA-E3B3-4DA4-AA37-E7AEB8629ADB}.Release|Any CPU.Build.0 = Release|Any CPU
		{58C8273E-6EE2-4282-BA64-7E99AD4A9D78}.Debug|Any CPU.ActiveCfg = Debug|Any CPU
		{58C8273E-6EE2-4282-BA64-7E99AD4A9D78}.Debug|Any CPU.Build.0 = Debug|Any CPU
		{58C8273E-6EE2-4282-BA64-7E99AD4A9D78}.Release|Any CPU.ActiveCfg = Release|Any CPU
		{58C8273E-6EE2-4282-BA64-7E99AD4A9D78}.Release|Any CPU.Build.0 = Release|Any CPU
	EndGlobalSection
	GlobalSection(SolutionProperties) = preSolution
		HideSolutionNode = FALSE
	EndGlobalSection
	GlobalSection(ExtensibilityGlobals) = postSolution
		SolutionGuid = {5F49C018-68B0-48E3-B423-63CF4055308A}
	EndGlobalSection
EndGlobal
